
Microsoft Visual Studio Solution File, Format Version 12.00
Project("{FAE04EC0-301F-11D3-BF4B-00C04F79EFBC}") = "ExcelInfo", "ExcelInfo\ExcelInfo.csproj", "{368BE8F1-0CEE-4726-9918-B91D1FF332EC}"
EndProject
Global
	GlobalSection(SolutionConfigurationPlatforms) = preSolution
		Debug|Any CPU = Debug|Any CPU
		Release|Any CPU = Release|Any CPU
	EndGlobalSection
	GlobalSection(ProjectConfigurationPlatforms) = postSolution
		{368BE8F1-0CEE-4726-9918-B91D1FF332EC}.Debug|Any CPU.ActiveCfg = Debug|Any CPU
		{368BE8F1-0CEE-4726-9918-B91D1FF332EC}.Debug|Any CPU.Build.0 = Debug|Any CPU
		{368BE8F1-0CEE-4726-9918-B91D1FF332EC}.Release|Any CPU.ActiveCfg = Release|Any CPU
		{368BE8F1-0CEE-4726-9918-B91D1FF332EC}.Release|Any CPU.Build.0 = Release|Any CPU
	EndGlobalSection
EndGlobal
